// !$*UTF8*$!
{
	archiveVersion = 1;
	classes = {
	};
	objectVersion = 46;
	objects = {

/* Begin PBXBuildFile section */
		F176AE661D86AD890050F17A /* main.m in Sources */ = {isa = PBXBuildFile; fileRef = F176AE651D86AD890050F17A /* main.m */; };
		F176AE691D86AD890050F17A /* AppDelegate.m in Sources */ = {isa = PBXBuildFile; fileRef = F176AE681D86AD890050F17A /* AppDelegate.m */; };
		F176AE6C1D86AD890050F17A /* ViewController.m in Sources */ = {isa = PBXBuildFile; fileRef = F176AE6B1D86AD890050F17A /* ViewController.m */; };
		F176AE6F1D86AD890050F17A /* Main.storyboard in Resources */ = {isa = PBXBuildFile; fileRef = F176AE6D1D86AD890050F17A /* Main.storyboard */; };
		F176AE711D86AD890050F17A /* Assets.xcassets in Resources */ = {isa = PBXBuildFile; fileRef = F176AE701D86AD890050F17A /* Assets.xcassets */; };
		F176AE741D86AD890050F17A /* LaunchScreen.storyboard in Resources */ = {isa = PBXBuildFile; fileRef = F176AE721D86AD890050F17A /* LaunchScreen.storyboard */; };
		F176AE8A1D86ADE30050F17A /* AFHTTPSessionManager.m in Sources */ = {isa = PBXBuildFile; fileRef = F176AE7E1D86ADE30050F17A /* AFHTTPSessionManager.m */; };
		F176AE8B1D86ADE30050F17A /* AFNetworkReachabilityManager.m in Sources */ = {isa = PBXBuildFile; fileRef = F176AE811D86ADE30050F17A /* AFNetworkReachabilityManager.m */; };
		F176AE8C1D86ADE30050F17A /* AFSecurityPolicy.m in Sources */ = {isa = PBXBuildFile; fileRef = F176AE831D86ADE30050F17A /* AFSecurityPolicy.m */; };
		F176AE8D1D86ADE30050F17A /* AFURLRequestSerialization.m in Sources */ = {isa = PBXBuildFile; fileRef = F176AE851D86ADE30050F17A /* AFURLRequestSerialization.m */; };
		F176AE8E1D86ADE30050F17A /* AFURLResponseSerialization.m in Sources */ = {isa = PBXBuildFile; fileRef = F176AE871D86ADE30050F17A /* AFURLResponseSerialization.m */; };
		F176AE8F1D86ADE30050F17A /* AFURLSessionManager.m in Sources */ = {isa = PBXBuildFile; fileRef = F176AE891D86ADE30050F17A /* AFURLSessionManager.m */; };
		F176AE921D86ADF90050F17A /* MHBlockHttp.m in Sources */ = {isa = PBXBuildFile; fileRef = F176AE911D86ADF90050F17A /* MHBlockHttp.m */; };
/* End PBXBuildFile section */

/* Begin PBXFileReference section */
		F176AE611D86AD880050F17A /* MHBlockHttp.app */ = {isa = PBXFileReference; explicitFileType = wrapper.application; includeInIndex = 0; path = MHBlockHttp.app; sourceTree = BUILT_PRODUCTS_DIR; };
		F176AE651D86AD890050F17A /* main.m */ = {isa = PBXFileReference; lastKnownFileType = sourcecode.c.objc; path = main.m; sourceTree = "<group>"; };
		F176AE671D86AD890050F17A /* AppDelegate.h */ = {isa = PBXFileReference; lastKnownFileType = sourcecode.c.h; path = AppDelegate.h; sourceTree = "<group>"; };
		F176AE681D86AD890050F17A /* AppDelegate.m */ = {isa = PBXFileReference; lastKnownFileType = sourcecode.c.objc; path = AppDelegate.m; sourceTree = "<group>"; };
		F176AE6A1D86AD890050F17A /* ViewController.h */ = {isa = PBXFileReference; lastKnownFileType = sourcecode.c.h; path = ViewController.h; sourceTree = "<group>"; };
		F176AE6B1D86AD890050F17A /* ViewController.m */ = {isa = PBXFileReference; lastKnownFileType = sourcecode.c.objc; path = ViewController.m; sourceTree = "<group>"; };
		F176AE6E1D86AD890050F17A /* Base */ = {isa = PBXFileReference; lastKnownFileType = file.storyboard; name = Base; path = Base.lproj/Main.storyboard; sourceTree = "<group>"; };
		F176AE701D86AD890050F17A /* Assets.xcassets */ = {isa = PBXFileReference; lastKnownFileType = folder.assetcatalog; path = Assets.xcassets; sourceTree = "<group>"; };
		F176AE731D86AD890050F17A /* Base */ = {isa = PBXFileReference; lastKnownFileType = file.storyboard; name = Base; path = Base.lproj/LaunchScreen.storyboard; sourceTree = "<group>"; };
		F176AE751D86AD890050F17A /* Info.plist */ = {isa = PBXFileReference; lastKnownFileType = text.plist.xml; path = Info.plist; sourceTree = "<group>"; };
		F176AE7D1D86ADE30050F17A /* AFHTTPSessionManager.h */ = {isa = PBXFileReference; fileEncoding = 4; lastKnownFileType = sourcecode.c.h; path = AFHTTPSessionManager.h; sourceTree = "<group>"; };
		F176AE7E1D86ADE30050F17A /* AFHTTPSessionManager.m */ = {isa = PBXFileReference; fileEncoding = 4; lastKnownFileType = sourcecode.c.objc; path = AFHTTPSessionManager.m; sourceTree = "<group>"; };
		F176AE7F1D86ADE30050F17A /* AFNetworking.h */ = {isa = PBXFileReference; fileEncoding = 4; lastKnownFileType = sourcecode.c.h; path = AFNetworking.h; sourceTree = "<group>"; };
		F176AE801D86ADE30050F17A /* AFNetworkReachabilityManager.h */ = {isa = PBXFileReference; fileEncoding = 4; lastKnownFileType = sourcecode.c.h; path = AFNetworkReachabilityManager.h; sourceTree = "<group>"; };
		F176AE811D86ADE30050F17A /* AFNetworkReachabilityManager.m */ = {isa = PBXFileReference; fileEncoding = 4; lastKnownFileType = sourcecode.c.objc; path = AFNetworkReachabilityManager.m; sourceTree = "<group>"; };
		F176AE821D86ADE30050F17A /* AFSecurityPolicy.h */ = {isa = PBXFileReference; fileEncoding = 4; lastKnownFileType = sourcecode.c.h; path = AFSecurityPolicy.h; sourceTree = "<group>"; };
		F176AE831D86ADE30050F17A /* AFSecurityPolicy.m */ = {isa = PBXFileReference; fileEncoding = 4; lastKnownFileType = sourcecode.c.objc; path = AFSecurityPolicy.m; sourceTree = "<group>"; };
		F176AE841D86ADE30050F17A /* AFURLRequestSerialization.h */ = {isa = PBXFileReference; fileEncoding = 4; lastKnownFileType = sourcecode.c.h; path = AFURLRequestSerialization.h; sourceTree = "<group>"; };
		F176AE851D86ADE30050F17A /* AFURLRequestSerialization.m */ = {isa = PBXFileReference; fileEncoding = 4; lastKnownFileType = sourcecode.c.objc; path = AFURLRequestSerialization.m; sourceTree = "<group>"; };
		F176AE861D86ADE30050F17A /* AFURLResponseSerialization.h */ = {isa = PBXFileReference; fileEncoding = 4; lastKnownFileType = sourcecode.c.h; path = AFURLResponseSerialization.h; sourceTree = "<group>"; };
		F176AE871D86ADE30050F17A /* AFURLResponseSerialization.m */ = {isa = PBXFileReference; fileEncoding = 4; lastKnownFileType = sourcecode.c.objc; path = AFURLResponseSerialization.m; sourceTree = "<group>"; };
		F176AE881D86ADE30050F17A /* AFURLSessionManager.h */ = {isa = PBXFileReference; fileEncoding = 4; lastKnownFileType = sourcecode.c.h; path = AFURLSessionManager.h; sourceTree = "<group>"; };
		F176AE891D86ADE30050F17A /* AFURLSessionManager.m */ = {isa = PBXFileReference; fileEncoding = 4; lastKnownFileType = sourcecode.c.objc; path = AFURLSessionManager.m; sourceTree = "<group>"; };
		F176AE901D86ADF90050F17A /* MHBlockHttp.h */ = {isa = PBXFileReference; fileEncoding = 4; lastKnownFileType = sourcecode.c.h; path = MHBlockHttp.h; sourceTree = "<group>"; };
		F176AE911D86ADF90050F17A /* MHBlockHttp.m */ = {isa = PBXFileReference; fileEncoding = 4; lastKnownFileType = sourcecode.c.objc; path = MHBlockHttp.m; sourceTree = "<group>"; };
/* End PBXFileReference section */

/* Begin PBXFrameworksBuildPhase section */
		F176AE5E1D86AD880050F17A /* Frameworks */ = {
			isa = PBXFrameworksBuildPhase;
			buildActionMask = 2147483647;
			files = (
			);
			runOnlyForDeploymentPostprocessing = 0;
		};
/* End PBXFrameworksBuildPhase section */

/* Begin PBXGroup section */
		F176AE581D86AD880050F17A = {
			isa = PBXGroup;
			children = (
				F176AE631D86AD890050F17A /* MHBlockHttp */,
				F176AE621D86AD880050F17A /* Products */,
			);
			sourceTree = "<group>";
		};
		F176AE621D86AD880050F17A /* Products */ = {
			isa = PBXGroup;
			children = (
				F176AE611D86AD880050F17A /* MHBlockHttp.app */,
			);
			name = Products;
			sourceTree = "<group>";
		};
		F176AE631D86AD890050F17A /* MHBlockHttp */ = {
			isa = PBXGroup;
			children = (
				F176AE671D86AD890050F17A /* AppDelegate.h */,
				F176AE681D86AD890050F17A /* AppDelegate.m */,
				F176AE6A1D86AD890050F17A /* ViewController.h */,
				F176AE6B1D86AD890050F17A /* ViewController.m */,
				F176AE7B1D86ADE30050F17A /* MHBlockHttp */,
				F176AE6D1D86AD890050F17A /* Main.storyboard */,
				F176AE701D86AD890050F17A /* Assets.xcassets */,
				F176AE721D86AD890050F17A /* LaunchScreen.storyboard */,
				F176AE751D86AD890050F17A /* Info.plist */,
				F176AE641D86AD890050F17A /* Supporting Files */,
			);
			path = MHBlockHttp;
			sourceTree = "<group>";
		};
		F176AE641D86AD890050F17A /* Supporting Files */ = {
			isa = PBXGroup;
			children = (
				F176AE651D86AD890050F17A /* main.m */,
			);
			name = "Supporting Files";
			sourceTree = "<group>";
		};
		F176AE7B1D86ADE30050F17A /* MHBlockHttp */ = {
			isa = PBXGroup;
			children = (
				F176AE7C1D86ADE30050F17A /* AFNetworking */,
				F176AE901D86ADF90050F17A /* MHBlockHttp.h */,
				F176AE911D86ADF90050F17A /* MHBlockHttp.m */,
			);
			path = MHBlockHttp;
			sourceTree = "<group>";
		};
		F176AE7C1D86ADE30050F17A /* AFNetworking */ = {
			isa = PBXGroup;
			children = (
				F176AE7D1D86ADE30050F17A /* AFHTTPSessionManager.h */,
				F176AE7E1D86ADE30050F17A /* AFHTTPSessionManager.m */,
				F176AE7F1D86ADE30050F17A /* AFNetworking.h */,
				F176AE801D86ADE30050F17A /* AFNetworkReachabilityManager.h */,
				F176AE811D86ADE30050F17A /* AFNetworkReachabilityManager.m */,
				F176AE821D86ADE30050F17A /* AFSecurityPolicy.h */,
				F176AE831D86ADE30050F17A /* AFSecurityPolicy.m */,
				F176AE841D86ADE30050F17A /* AFURLRequestSerialization.h */,
				F176AE851D86ADE30050F17A /* AFURLRequestSerialization.m */,
				F176AE861D86ADE30050F17A /* AFURLResponseSerialization.h */,
				F176AE871D86ADE30050F17A /* AFURLResponseSerialization.m */,
				F176AE881D86ADE30050F17A /* AFURLSessionManager.h */,
				F176AE891D86ADE30050F17A /* AFURLSessionManager.m */,
			);
			path = AFNetworking;
			sourceTree = "<group>";
		};
/* End PBXGroup section */

/* Begin PBXNativeTarget section */
		F176AE601D86AD880050F17A /* MHBlockHttp */ = {
			isa = PBXNativeTarget;
			buildConfigurationList = F176AE781D86AD890050F17A /* Build configuration list for PBXNativeTarget "MHBlockHttp" */;
			buildPhases = (
				F176AE5D1D86AD880050F17A /* Sources */,
				F176AE5E1D86AD880050F17A /* Frameworks */,
				F176AE5F1D86AD880050F17A /* Resources */,
			);
			buildRules = (
			);
			dependencies = (
			);
			name = MHBlockHttp;
			productName = MHBlockHttp;
			productReference = F176AE611D86AD880050F17A /* MHBlockHttp.app */;
			productType = "com.apple.product-type.application";
		};
/* End PBXNativeTarget section */

/* Begin PBXProject section */
		F176AE591D86AD880050F17A /* Project object */ = {
			isa = PBXProject;
			attributes = {
				LastUpgradeCheck = 0730;
				ORGANIZATIONNAME = Mmt;
				TargetAttributes = {
					F176AE601D86AD880050F17A = {
						CreatedOnToolsVersion = 7.3.1;
					};
				};
			};
			buildConfigurationList = F176AE5C1D86AD880050F17A /* Build configuration list for PBXProject "MHBlockHttp" */;
			compatibilityVersion = "Xcode 3.2";
			developmentRegion = English;
			hasScannedForEncodings = 0;
			knownRegions = (
				en,
				Base,
			);
			mainGroup = F176AE581D86AD880050F17A;
			productRefGroup = F176AE621D86AD880050F17A /* Products */;
			projectDirPath = "";
			projectRoot = "";
			targets = (
				F176AE601D86AD880050F17A /* MHBlockHttp */,
			);
		};
/* End PBXProject section */

/* Begin PBXResourcesBuildPhase section */
		F176AE5F1D86AD880050F17A /* Resources */ = {
			isa = PBXResourcesBuildPhase;
			buildActionMask = 2147483647;
			files = (
				F176AE741D86AD890050F17A /* LaunchScreen.storyboard in Resources */,
				F176AE711D86AD890050F17A /* Assets.xcassets in Resources */,
				F176AE6F1D86AD890050F17A /* Main.storyboard in Resources */,
			);
			runOnlyForDeploymentPostprocessing = 0;
		};
/* End PBXResourcesBuildPhase section */

/* Begin PBXSourcesBuildPhase section */
		F176AE5D1D86AD880050F17A /* Sources */ = {
			isa = PBXSourcesBuildPhase;
			buildActionMask = 2147483647;
			files = (
				F176AE921D86ADF90050F17A /* MHBlockHttp.m in Sources */,
				F176AE8F1D86ADE30050F17A /* AFURLSessionManager.m in Sources */,
				F176AE6C1D86AD890050F17A /* ViewController.m in Sources */,
				F176AE691D86AD890050F17A /* AppDelegate.m in Sources */,
				F176AE8B1D86ADE30050F17A /* AFNetworkReachabilityManager.m in Sources */,
				F176AE661D86AD890050F17A /* main.m in Sources */,
				F176AE8C1D86ADE30050F17A /* AFSecurityPolicy.m in Sources */,
				F176AE8D1D86ADE30050F17A /* AFURLRequestSerialization.m in Sources */,
				F176AE8E1D86ADE30050F17A /* AFURLResponseSerialization.m in Sources */,
				F176AE8A1D86ADE30050F17A /* AFHTTPSessionManager.m in Sources */,
			);
			runOnlyForDeploymentPostprocessing = 0;
		};
/* End PBXSourcesBuildPhase section */

/* Begin PBXVariantGroup section */
		F176AE6D1D86AD890050F17A /* Main.storyboard */ = {
			isa = PBXVariantGroup;
			children = (
				F176AE6E1D86AD890050F17A /* Base */,
			);
			name = Main.storyboard;
			sourceTree = "<group>";
		};
		F176AE721D86AD890050F17A /* LaunchScreen.storyboard */ = {
			isa = PBXVariantGroup;
			children = (
				F176AE731D86AD890050F17A /* Base */,
			);
			name = LaunchScreen.storyboard;
			sourceTree = "<group>";
		};
/* End PBXVariantGroup section */

/* Begin XCBuildConfiguration section */
		F176AE761D86AD890050F17A /* Debug */ = {
			isa = XCBuildConfiguration;
			buildSettings = {
				ALWAYS_SEARCH_USER_PATHS = NO;
				CLANG_ANALYZER_NONNULL = YES;
				CLANG_CXX_LANGUAGE_STANDARD = "gnu++0x";
				CLANG_CXX_LIBRARY = "libc++";
				CLANG_ENABLE_MODULES = YES;
				CLANG_ENABLE_OBJC_ARC = YES;
				CLANG_WARN_BOOL_CONVERSION = YES;
				CLANG_WARN_CONSTANT_CONVERSION = YES;
				CLANG_WARN_DIRECT_OBJC_ISA_USAGE = YES_ERROR;
				CLANG_WARN_EMPTY_BODY = YES;
				CLANG_WARN_ENUM_CONVERSION = YES;
				CLANG_WARN_INT_CONVERSION = YES;
				CLANG_WARN_OBJC_ROOT_CLASS = YES_ERROR;
				CLANG_WARN_UNREACHABLE_CODE = YES;
				CLANG_WARN__DUPLICATE_METHOD_MATCH = YES;
				"CODE_SIGN_IDENTITY[sdk=iphoneos*]" = "iPhone Developer";
				COPY_PHASE_STRIP = NO;
				DEBUG_INFORMATION_FORMAT = dwarf;
				ENABLE_STRICT_OBJC_MSGSEND = YES;
				ENABLE_TESTABILITY = YES;
				GCC_C_LANGUAGE_STANDARD = gnu99;
				GCC_DYNAMIC_NO_PIC = NO;
				GCC_NO_COMMON_BLOCKS = YES;
				GCC_OPTIMIZATION_LEVEL = 0;
				GCC_PREPROCESSOR_DEFINITIONS = (
					"DEBUG=1",
					"$(inherited)",
				);
				GCC_WARN_64_TO_32_BIT_CONVERSION = YES;
				GCC_WARN_ABOUT_RETURN_TYPE = YES_ERROR;
				GCC_WARN_UNDECLARED_SELECTOR = YES;
				GCC_WARN_UNINITIALIZED_AUTOS = YES_AGGRESSIVE;
				GCC_WARN_UNUSED_FUNCTION = YES;
				GCC_WARN_UNUSED_VARIABLE = YES;
				IPHONEOS_DEPLOYMENT_TARGET = 9.3;
				MTL_ENABLE_DEBUG_INFO = YES;
				ONLY_ACTIVE_ARCH = YES;
				SDKROOT = iphoneos;
				TARGETED_DEVICE_FAMILY = "1,2";
			};
			name = Debug;
		};
		F176AE771D86AD890050F17A /* Release */ = {
			isa = XCBuildConfiguration;
			buildSettings = {
				ALWAYS_SEARCH_USER_PATHS = NO;
				CLANG_ANALYZER_NONNULL = YES;
				CLANG_CXX_LANGUAGE_STANDARD = "gnu++0x";
				CLANG_CXX_LIBRARY = "libc++";
				CLANG_ENABLE_MODULES = YES;
				CLANG_ENABLE_OBJC_ARC = YES;
				CLANG_WARN_BOOL_CONVERSION = YES;
				CLANG_WARN_CONSTANT_CONVERSION = YES;
				CLANG_WARN_DIRECT_OBJC_ISA_USAGE = YES_ERROR;
				CLANG_WARN_EMPTY_BODY = YES;
				CLANG_WARN_ENUM_CONVERSION = YES;
				CLANG_WARN_INT_CONVERSION = YES;
				CLANG_WARN_OBJC_ROOT_CLASS = YES_ERROR;
				CLANG_WARN_UNREACHABLE_CODE = YES;
				CLANG_WARN__DUPLICATE_METHOD_MATCH = YES;
				"CODE_SIGN_IDENTITY[sdk=iphoneos*]" = "iPhone Developer";
				COPY_PHASE_STRIP = NO;
				DEBUG_INFORMATION_FORMAT = "dwarf-with-dsym";
				ENABLE_NS_ASSERTIONS = NO;
				ENABLE_STRICT_OBJC_MSGSEND = YES;
				GCC_C_LANGUAGE_STANDARD = gnu99;
				GCC_NO_COMMON_BLOCKS = YES;
				GCC_WARN_64_TO_32_BIT_CONVERSION = YES;
				GCC_WARN_ABOUT_RETURN_TYPE = YES_ERROR;
				GCC_WARN_UNDECLARED_SELECTOR = YES;
				GCC_WARN_UNINITIALIZED_AUTOS = YES_AGGRESSIVE;
				GCC_WARN_UNUSED_FUNCTION = YES;
				GCC_WARN_UNUSED_VARIABLE = YES;
				IPHONEOS_DEPLOYMENT_TARGET = 9.3;
				MTL_ENABLE_DEBUG_INFO = NO;
				SDKROOT = iphoneos;
				TARGETED_DEVICE_FAMILY = "1,2";
				VALIDATE_PRODUCT = YES;
			};
			name = Release;
		};
		F176AE791D86AD890050F17A /* Debug */ = {
			isa = XCBuildConfiguration;
			buildSettings = {
				ASSETCATALOG_COMPILER_APPICON_NAME = AppIcon;
				INFOPLIST_FILE = MHBlockHttp/Info.plist;
				LD_RUNPATH_SEARCH_PATHS = "$(inherited) @executable_path/Frameworks";
				PRODUCT_BUNDLE_IDENTIFIER = MH.MHBlockHttp;
				PRODUCT_NAME = "$(TARGET_NAME)";
			};
			name = Debug;
		};
		F176AE7A1D86AD890050F17A /* Release */ = {
			isa = XCBuildConfiguration;
			buildSettings = {
				ASSETCATALOG_COMPILER_APPICON_NAME = AppIcon;
				INFOPLIST_FILE = MHBlockHttp/Info.plist;
				LD_RUNPATH_SEARCH_PATHS = "$(inherited) @executable_path/Frameworks";
				PRODUCT_BUNDLE_IDENTIFIER = MH.MHBlockHttp;
				PRODUCT_NAME = "$(TARGET_NAME)";
			};
			name = Release;
		};
/* End XCBuildConfiguration section */

/* Begin XCConfigurationList section */
		F176AE5C1D86AD880050F17A /* Build configuration list for PBXProject "MHBlockHttp" */ = {
			isa = XCConfigurationList;
			buildConfigurations = (
				F176AE761D86AD890050F17A /* Debug */,
				F176AE771D86AD890050F17A /* Release */,
			);
			defaultConfigurationIsVisible = 0;
			defaultConfigurationName = Release;
		};
		F176AE781D86AD890050F17A /* Build configuration list for PBXNativeTarget "MHBlockHttp" */ = {
			isa = XCConfigurationList;
			buildConfigurations = (
				F176AE791D86AD890050F17A /* Debug */,
				F176AE7A1D86AD890050F17A /* Release */,
			);
			defaultConfigurationIsVisible = 0;
		};
/* End XCConfigurationList section */
	};
	rootObject = F176AE591D86AD880050F17A /* Project object */;
}
